// !$*UTF8*$!
{
	archiveVersion = 1;
	classes = {
	};
	objectVersion = 48;
	objects = {

/* Begin PBXBuildFile section */
		D83AF1CA1FA8A0DA00D00EC2 /* AppDelegate.swift in Sources */ = {isa = PBXBuildFile; fileRef = D83AF1C91FA8A0DA00D00EC2 /* AppDelegate.swift */; };
		D83AF1CC1FA8A0DA00D00EC2 /* ViewController.swift in Sources */ = {isa = PBXBuildFile; fileRef = D83AF1CB1FA8A0DA00D00EC2 /* ViewController.swift */; };
		D83AF1CF1FA8A0DA00D00EC2 /* Main.storyboard in Resources */ = {isa = PBXBuildFile; fileRef = D83AF1CD1FA8A0DA00D00EC2 /* Main.storyboard */; };
		D83AF1D11FA8A0DA00D00EC2 /* Assets.xcassets in Resources */ = {isa = PBXBuildFile; fileRef = D83AF1D01FA8A0DA00D00EC2 /* Assets.xcassets */; };
		D83AF1D41FA8A0DA00D00EC2 /* LaunchScreen.storyboard in Resources */ = {isa = PBXBuildFile; fileRef = D83AF1D21FA8A0DA00D00EC2 /* LaunchScreen.storyboard */; };
		D83AF1DF1FA8A0DA00D00EC2 /* SIMCodeAlertSwiftTests.swift in Sources */ = {isa = PBXBuildFile; fileRef = D83AF1DE1FA8A0DA00D00EC2 /* SIMCodeAlertSwiftTests.swift */; };
		D83AF1EA1FA8A0DA00D00EC2 /* SIMCodeAlertSwiftUITests.swift in Sources */ = {isa = PBXBuildFile; fileRef = D83AF1E91FA8A0DA00D00EC2 /* SIMCodeAlertSwiftUITests.swift */; };
		D83AF1F81FA8A19D00D00EC2 /* MZSimView.swift in Sources */ = {isa = PBXBuildFile; fileRef = D83AF1F71FA8A19D00D00EC2 /* MZSimView.swift */; };
/* End PBXBuildFile section */

/* Begin PBXContainerItemProxy section */
		D83AF1DB1FA8A0DA00D00EC2 /* PBXContainerItemProxy */ = {
			isa = PBXContainerItemProxy;
			containerPortal = D83AF1BE1FA8A0DA00D00EC2 /* Project object */;
			proxyType = 1;
			remoteGlobalIDString = D83AF1C51FA8A0DA00D00EC2;
			remoteInfo = SIMCodeAlertSwift;
		};
		D83AF1E61FA8A0DA00D00EC2 /* PBXContainerItemProxy */ = {
			isa = PBXContainerItemProxy;
			containerPortal = D83AF1BE1FA8A0DA00D00EC2 /* Project object */;
			proxyType = 1;
			remoteGlobalIDString = D83AF1C51FA8A0DA00D00EC2;
			remoteInfo = SIMCodeAlertSwift;
		};
/* End PBXContainerItemProxy section */

/* Begin PBXFileReference section */
		D83AF1C61FA8A0DA00D00EC2 /* SIMCodeAlertSwift.app */ = {isa = PBXFileReference; explicitFileType = wrapper.application; includeInIndex = 0; path = SIMCodeAlertSwift.app; sourceTree = BUILT_PRODUCTS_DIR; };
		D83AF1C91FA8A0DA00D00EC2 /* AppDelegate.swift */ = {isa = PBXFileReference; lastKnownFileType = sourcecode.swift; path = AppDelegate.swift; sourceTree = "<group>"; };
		D83AF1CB1FA8A0DA00D00EC2 /* ViewController.swift */ = {isa = PBXFileReference; lastKnownFileType = sourcecode.swift; path = ViewController.swift; sourceTree = "<group>"; };
		D83AF1CE1FA8A0DA00D00EC2 /* Base */ = {isa = PBXFileReference; lastKnownFileType = file.storyboard; name = Base; path = Base.lproj/Main.storyboard; sourceTree = "<group>"; };
		D83AF1D01FA8A0DA00D00EC2 /* Assets.xcassets */ = {isa = PBXFileReference; lastKnownFileType = folder.assetcatalog; path = Assets.xcassets; sourceTree = "<group>"; };
		D83AF1D31FA8A0DA00D00EC2 /* Base */ = {isa = PBXFileReference; lastKnownFileType = file.storyboard; name = Base; path = Base.lproj/LaunchScreen.storyboard; sourceTree = "<group>"; };
		D83AF1D51FA8A0DA00D00EC2 /* Info.plist */ = {isa = PBXFileReference; lastKnownFileType = text.plist.xml; path = Info.plist; sourceTree = "<group>"; };
		D83AF1DA1FA8A0DA00D00EC2 /* SIMCodeAlertSwiftTests.xctest */ = {isa = PBXFileReference; explicitFileType = wrapper.cfbundle; includeInIndex = 0; path = SIMCodeAlertSwiftTests.xctest; sourceTree = BUILT_PRODUCTS_DIR; };
		D83AF1DE1FA8A0DA00D00EC2 /* SIMCodeAlertSwiftTests.swift */ = {isa = PBXFileReference; lastKnownFileType = sourcecode.swift; path = SIMCodeAlertSwiftTests.swift; sourceTree = "<group>"; };
		D83AF1E01FA8A0DA00D00EC2 /* Info.plist */ = {isa = PBXFileReference; lastKnownFileType = text.plist.xml; path = Info.plist; sourceTree = "<group>"; };
		D83AF1E51FA8A0DA00D00EC2 /* SIMCodeAlertSwiftUITests.xctest */ = {isa = PBXFileReference; explicitFileType = wrapper.cfbundle; includeInIndex = 0; path = SIMCodeAlertSwiftUITests.xctest; sourceTree = BUILT_PRODUCTS_DIR; };
		D83AF1E91FA8A0DA00D00EC2 /* SIMCodeAlertSwiftUITests.swift */ = {isa = PBXFileReference; lastKnownFileType = sourcecode.swift; path = SIMCodeAlertSwiftUITests.swift; sourceTree = "<group>"; };
		D83AF1EB1FA8A0DA00D00EC2 /* Info.plist */ = {isa = PBXFileReference; lastKnownFileType = text.plist.xml; path = Info.plist; sourceTree = "<group>"; };
		D83AF1F71FA8A19D00D00EC2 /* MZSimView.swift */ = {isa = PBXFileReference; fileEncoding = 4; lastKnownFileType = sourcecode.swift; path = MZSimView.swift; sourceTree = "<group>"; };
/* End PBXFileReference section */

/* Begin PBXFrameworksBuildPhase section */
		D83AF1C31FA8A0DA00D00EC2 /* Frameworks */ = {
			isa = PBXFrameworksBuildPhase;
			buildActionMask = 2147483647;
			files = (
			);
			runOnlyForDeploymentPostprocessing = 0;
		};
		D83AF1D71FA8A0DA00D00EC2 /* Frameworks */ = {
			isa = PBXFrameworksBuildPhase;
			buildActionMask = 2147483647;
			files = (
			);
			runOnlyForDeploymentPostprocessing = 0;
		};
		D83AF1E21FA8A0DA00D00EC2 /* Frameworks */ = {
			isa = PBXFrameworksBuildPhase;
			buildActionMask = 2147483647;
			files = (
			);
			runOnlyForDeploymentPostprocessing = 0;
		};
/* End PBXFrameworksBuildPhase section */

/* Begin PBXGroup section */
		D83AF1BD1FA8A0DA00D00EC2 = {
			isa = PBXGroup;
			children = (
				D83AF1C81FA8A0DA00D00EC2 /* SIMCodeAlertSwift */,
				D83AF1DD1FA8A0DA00D00EC2 /* SIMCodeAlertSwiftTests */,
				D83AF1E81FA8A0DA00D00EC2 /* SIMCodeAlertSwiftUITests */,
				D83AF1C71FA8A0DA00D00EC2 /* Products */,
			);
			sourceTree = "<group>";
		};
		D83AF1C71FA8A0DA00D00EC2 /* Products */ = {
			isa = PBXGroup;
			children = (
				D83AF1C61FA8A0DA00D00EC2 /* SIMCodeAlertSwift.app */,
				D83AF1DA1FA8A0DA00D00EC2 /* SIMCodeAlertSwiftTests.xctest */,
				D83AF1E51FA8A0DA00D00EC2 /* SIMCodeAlertSwiftUITests.xctest */,
			);
			name = Products;
			sourceTree = "<group>";
		};
		D83AF1C81FA8A0DA00D00EC2 /* SIMCodeAlertSwift */ = {
			isa = PBXGroup;
			children = (
				D83AF1F71FA8A19D00D00EC2 /* MZSimView.swift */,
				D83AF1C91FA8A0DA00D00EC2 /* AppDelegate.swift */,
				D83AF1CB1FA8A0DA00D00EC2 /* ViewController.swift */,
				D83AF1CD1FA8A0DA00D00EC2 /* Main.storyboard */,
				D83AF1D01FA8A0DA00D00EC2 /* Assets.xcassets */,
				D83AF1D21FA8A0DA00D00EC2 /* LaunchScreen.storyboard */,
				D83AF1D51FA8A0DA00D00EC2 /* Info.plist */,
			);
			path = SIMCodeAlertSwift;
			sourceTree = "<group>";
		};
		D83AF1DD1FA8A0DA00D00EC2 /* SIMCodeAlertSwiftTests */ = {
			isa = PBXGroup;
			children = (
				D83AF1DE1FA8A0DA00D00EC2 /* SIMCodeAlertSwiftTests.swift */,
				D83AF1E01FA8A0DA00D00EC2 /* Info.plist */,
			);
			path = SIMCodeAlertSwiftTests;
			sourceTree = "<group>";
		};
		D83AF1E81FA8A0DA00D00EC2 /* SIMCodeAlertSwiftUITests */ = {
			isa = PBXGroup;
			children = (
				D83AF1E91FA8A0DA00D00EC2 /* SIMCodeAlertSwiftUITests.swift */,
				D83AF1EB1FA8A0DA00D00EC2 /* Info.plist */,
			);
			path = SIMCodeAlertSwiftUITests;
			sourceTree = "<group>";
		};
/* End PBXGroup section */

/* Begin PBXNativeTarget section */
		D83AF1C51FA8A0DA00D00EC2 /* SIMCodeAlertSwift */ = {
			isa = PBXNativeTarget;
			buildConfigurationList = D83AF1EE1FA8A0DA00D00EC2 /* Build configuration list for PBXNativeTarget "SIMCodeAlertSwift" */;
			buildPhases = (
				D83AF1C21FA8A0DA00D00EC2 /* Sources */,
				D83AF1C31FA8A0DA00D00EC2 /* Frameworks */,
				D83AF1C41FA8A0DA00D00EC2 /* Resources */,
			);
			buildRules = (
			);
			dependencies = (
			);
			name = SIMCodeAlertSwift;
			productName = SIMCodeAlertSwift;
			productReference = D83AF1C61FA8A0DA00D00EC2 /* SIMCodeAlertSwift.app */;
			productType = "com.apple.product-type.application";
		};
		D83AF1D91FA8A0DA00D00EC2 /* SIMCodeAlertSwiftTests */ = {
			isa = PBXNativeTarget;
			buildConfigurationList = D83AF1F11FA8A0DA00D00EC2 /* Build configuration list for PBXNativeTarget "SIMCodeAlertSwiftTests" */;
			buildPhases = (
				D83AF1D61FA8A0DA00D00EC2 /* Sources */,
				D83AF1D71FA8A0DA00D00EC2 /* Frameworks */,
				D83AF1D81FA8A0DA00D00EC2 /* Resources */,
			);
			buildRules = (
			);
			dependencies = (
				D83AF1DC1FA8A0DA00D00EC2 /* PBXTargetDependency */,
			);
			name = SIMCodeAlertSwiftTests;
			productName = SIMCodeAlertSwiftTests;
			productReference = D83AF1DA1FA8A0DA00D00EC2 /* SIMCodeAlertSwiftTests.xctest */;
			productType = "com.apple.product-type.bundle.unit-test";
		};
		D83AF1E41FA8A0DA00D00EC2 /* SIMCodeAlertSwiftUITests */ = {
			isa = PBXNativeTarget;
			buildConfigurationList = D83AF1F41FA8A0DA00D00EC2 /* Build configuration list for PBXNativeTarget "SIMCodeAlertSwiftUITests" */;
			buildPhases = (
				D83AF1E11FA8A0DA00D00EC2 /* Sources */,
				D83AF1E21FA8A0DA00D00EC2 /* Frameworks */,
				D83AF1E31FA8A0DA00D00EC2 /* Resources */,
			);
			buildRules = (
			);
			dependencies = (
				D83AF1E71FA8A0DA00D00EC2 /* PBXTargetDependency */,
			);
			name = SIMCodeAlertSwiftUITests;
			productName = SIMCodeAlertSwiftUITests;
			productReference = D83AF1E51FA8A0DA00D00EC2 /* SIMCodeAlertSwiftUITests.xctest */;
			productType = "com.apple.product-type.bundle.ui-testing";
		};
/* End PBXNativeTarget section */

/* Begin PBXProject section */
		D83AF1BE1FA8A0DA00D00EC2 /* Project object */ = {
			isa = PBXProject;
			attributes = {
				LastSwiftUpdateCheck = 0900;
				LastUpgradeCheck = 0900;
				ORGANIZATIONNAME = "\bMCEJ";
				TargetAttributes = {
					D83AF1C51FA8A0DA00D00EC2 = {
						CreatedOnToolsVersion = 9.0.1;
						ProvisioningStyle = Automatic;
					};
					D83AF1D91FA8A0DA00D00EC2 = {
						CreatedOnToolsVersion = 9.0.1;
						ProvisioningStyle = Automatic;
						TestTargetID = D83AF1C51FA8A0DA00D00EC2;
					};
					D83AF1E41FA8A0DA00D00EC2 = {
						CreatedOnToolsVersion = 9.0.1;
						ProvisioningStyle = Automatic;
						TestTargetID = D83AF1C51FA8A0DA00D00EC2;
					};
				};
			};
			buildConfigurationList = D83AF1C11FA8A0DA00D00EC2 /* Build configuration list for PBXProject "SIMCodeAlertSwift" */;
			compatibilityVersion = "Xcode 8.0";
			developmentRegion = en;
			hasScannedForEncodings = 0;
			knownRegions = (
				en,
				Base,
			);
			mainGroup = D83AF1BD1FA8A0DA00D00EC2;
			productRefGroup = D83AF1C71FA8A0DA00D00EC2 /* Products */;
			projectDirPath = "";
			projectRoot = "";
			targets = (
				D83AF1C51FA8A0DA00D00EC2 /* SIMCodeAlertSwift */,
				D83AF1D91FA8A0DA00D00EC2 /* SIMCodeAlertSwiftTests */,
				D83AF1E41FA8A0DA00D00EC2 /* SIMCodeAlertSwiftUITests */,
			);
		};
/* End PBXProject section */

/* Begin PBXResourcesBuildPhase section */
		D83AF1C41FA8A0DA00D00EC2 /* Resources */ = {
			isa = PBXResourcesBuildPhase;
			buildActionMask = 2147483647;
			files = (
				D83AF1D41FA8A0DA00D00EC2 /* LaunchScreen.storyboard in Resources */,
				D83AF1D11FA8A0DA00D00EC2 /* Assets.xcassets in Resources */,
				D83AF1CF1FA8A0DA00D00EC2 /* Main.storyboard in Resources */,
			);
			runOnlyForDeploymentPostprocessing = 0;
		};
		D83AF1D81FA8A0DA00D00EC2 /* Resources */ = {
			isa = PBXResourcesBuildPhase;
			buildActionMask = 2147483647;
			files = (
			);
			runOnlyForDeploymentPostprocessing = 0;
		};
		D83AF1E31FA8A0DA00D00EC2 /* Resources */ = {
			isa = PBXResourcesBuildPhase;
			buildActionMask = 2147483647;
			files = (
			);
			runOnlyForDeploymentPostprocessing = 0;
		};
/* End PBXResourcesBuildPhase section */

/* Begin PBXSourcesBuildPhase section */
		D83AF1C21FA8A0DA00D00EC2 /* Sources */ = {
			isa = PBXSourcesBuildPhase;
			buildActionMask = 2147483647;
			files = (
				D83AF1CC1FA8A0DA00D00EC2 /* ViewController.swift in Sources */,
				D83AF1F81FA8A19D00D00EC2 /* MZSimView.swift in Sources */,
				D83AF1CA1FA8A0DA00D00EC2 /* AppDelegate.swift in Sources */,
			);
			runOnlyForDeploymentPostprocessing = 0;
		};
		D83AF1D61FA8A0DA00D00EC2 /* Sources */ = {
			isa = PBXSourcesBuildPhase;
			buildActionMask = 2147483647;
			files = (
				D83AF1DF1FA8A0DA00D00EC2 /* SIMCodeAlertSwiftTests.swift in Sources */,
			);
			runOnlyForDeploymentPostprocessing = 0;
		};
		D83AF1E11FA8A0DA00D00EC2 /* Sources */ = {
			isa = PBXSourcesBuildPhase;
			buildActionMask = 2147483647;
			files = (
				D83AF1EA1FA8A0DA00D00EC2 /* SIMCodeAlertSwiftUITests.swift in Sources */,
			);
			runOnlyForDeploymentPostprocessing = 0;
		};
/* End PBXSourcesBuildPhase section */

/* Begin PBXTargetDependency section */
		D83AF1DC1FA8A0DA00D00EC2 /* PBXTargetDependency */ = {
			isa = PBXTargetDependency;
			target = D83AF1C51FA8A0DA00D00EC2 /* SIMCodeAlertSwift */;
			targetProxy = D83AF1DB1FA8A0DA00D00EC2 /* PBXContainerItemProxy */;
		};
		D83AF1E71FA8A0DA00D00EC2 /* PBXTargetDependency */ = {
			isa = PBXTargetDependency;
			target = D83AF1C51FA8A0DA00D00EC2 /* SIMCodeAlertSwift */;
			targetProxy = D83AF1E61FA8A0DA00D00EC2 /* PBXContainerItemProxy */;
		};
/* End PBXTargetDependency section */

/* Begin PBXVariantGroup section */
		D83AF1CD1FA8A0DA00D00EC2 /* Main.storyboard */ = {
			isa = PBXVariantGroup;
			children = (
				D83AF1CE1FA8A0DA00D00EC2 /* Base */,
			);
			name = Main.storyboard;
			sourceTree = "<group>";
		};
		D83AF1D21FA8A0DA00D00EC2 /* LaunchScreen.storyboard */ = {
			isa = PBXVariantGroup;
			children = (
				D83AF1D31FA8A0DA00D00EC2 /* Base */,
			);
			name = LaunchScreen.storyboard;
			sourceTree = "<group>";
		};
/* End PBXVariantGroup section */

/* Begin XCBuildConfiguration section */
		D83AF1EC1FA8A0DA00D00EC2 /* Debug */ = {
			isa = XCBuildConfiguration;
			buildSettings = {
				ALWAYS_SEARCH_USER_PATHS = NO;
				CLANG_ANALYZER_NONNULL = YES;
				CLANG_ANALYZER_NUMBER_OBJECT_CONVERSION = YES_AGGRESSIVE;
				CLANG_CXX_LANGUAGE_STANDARD = "gnu++14";
				CLANG_CXX_LIBRARY = "libc++";
				CLANG_ENABLE_MODULES = YES;
				CLANG_ENABLE_OBJC_ARC = YES;
				CLANG_WARN_BLOCK_CAPTURE_AUTORELEASING = YES;
				CLANG_WARN_BOOL_CONVERSION = YES;
				CLANG_WARN_COMMA = YES;
				CLANG_WARN_CONSTANT_CONVERSION = YES;
				CLANG_WARN_DIRECT_OBJC_ISA_USAGE = YES_ERROR;
				CLANG_WARN_DOCUMENTATION_COMMENTS = YES;
				CLANG_WARN_EMPTY_BODY = YES;
				CLANG_WARN_ENUM_CONVERSION = YES;
				CLANG_WARN_INFINITE_RECURSION = YES;
				CLANG_WARN_INT_CONVERSION = YES;
				CLANG_WARN_NON_LITERAL_NULL_CONVERSION = YES;
				CLANG_WARN_OBJC_LITERAL_CONVERSION = YES;
				CLANG_WARN_OBJC_ROOT_CLASS = YES_ERROR;
				CLANG_WARN_RANGE_LOOP_ANALYSIS = YES;
				CLANG_WARN_STRICT_PROTOTYPES = YES;
				CLANG_WARN_SUSPICIOUS_MOVE = YES;
				CLANG_WARN_UNGUARDED_AVAILABILITY = YES_AGGRESSIVE;
				CLANG_WARN_UNREACHABLE_CODE = YES;
				CLANG_WARN__DUPLICATE_METHOD_MATCH = YES;
				CODE_SIGN_IDENTITY = "iPhone Developer";
				COPY_PHASE_STRIP = NO;
				DEBUG_INFORMATION_FORMAT = dwarf;
				ENABLE_STRICT_OBJC_MSGSEND = YES;
				ENABLE_TESTABILITY = YES;
				GCC_C_LANGUAGE_STANDARD = gnu11;
				GCC_DYNAMIC_NO_PIC = NO;
				GCC_NO_COMMON_BLOCKS = YES;
				GCC_OPTIMIZATION_LEVEL = 0;
				GCC_PREPROCESSOR_DEFINITIONS = (
					"DEBUG=1",
					"$(inherited)",
				);
				GCC_WARN_64_TO_32_BIT_CONVERSION = YES;
				GCC_WARN_ABOUT_RETURN_TYPE = YES_ERROR;
				GCC_WARN_UNDECLARED_SELECTOR = YES;
				GCC_WARN_UNINITIALIZED_AUTOS = YES_AGGRESSIVE;
				GCC_WARN_UNUSED_FUNCTION = YES;
				GCC_WARN_UNUSED_VARIABLE = YES;
				IPHONEOS_DEPLOYMENT_TARGET = 11.0;
				MTL_ENABLE_DEBUG_INFO = YES;
				ONLY_ACTIVE_ARCH = YES;
				SDKROOT = iphoneos;
				SWIFT_ACTIVE_COMPILATION_CONDITIONS = DEBUG;
				SWIFT_OPTIMIZATION_LEVEL = "-Onone";
			};
			name = Debug;
		};
		D83AF1ED1FA8A0DA00D00EC2 /* Release */ = {
			isa = XCBuildConfiguration;
			buildSettings = {
				ALWAYS_SEARCH_USER_PATHS = NO;
				CLANG_ANALYZER_NONNULL = YES;
				CLANG_ANALYZER_NUMBER_OBJECT_CONVERSION = YES_AGGRESSIVE;
				CLANG_CXX_LANGUAGE_STANDARD = "gnu++14";
				CLANG_CXX_LIBRARY = "libc++";
				CLANG_ENABLE_MODULES = YES;
				CLANG_ENABLE_OBJC_ARC = YES;
				CLANG_WARN_BLOCK_CAPTURE_AUTORELEASING = YES;
				CLANG_WARN_BOOL_CONVERSION = YES;
				CLANG_WARN_COMMA = YES;
				CLANG_WARN_CONSTANT_CONVERSION = YES;
				CLANG_WARN_DIRECT_OBJC_ISA_USAGE = YES_ERROR;
				CLANG_WARN_DOCUMENTATION_COMMENTS = YES;
				CLANG_WARN_EMPTY_BODY = YES;
				CLANG_WARN_ENUM_CONVERSION = YES;
				CLANG_WARN_INFINITE_RECURSION = YES;
				CLANG_WARN_INT_CONVERSION = YES;
				CLANG_WARN_NON_LITERAL_NULL_CONVERSION = YES;
				CLANG_WARN_OBJC_LITERAL_CONVERSION = YES;
				CLANG_WARN_OBJC_ROOT_CLASS = YES_ERROR;
				CLANG_WARN_RANGE_LOOP_ANALYSIS = YES;
				CLANG_WARN_STRICT_PROTOTYPES = YES;
				CLANG_WARN_SUSPICIOUS_MOVE = YES;
				CLANG_WARN_UNGUARDED_AVAILABILITY = YES_AGGRESSIVE;
				CLANG_WARN_UNREACHABLE_CODE = YES;
				CLANG_WARN__DUPLICATE_METHOD_MATCH = YES;
				CODE_SIGN_IDENTITY = "iPhone Developer";
				COPY_PHASE_STRIP = NO;
				DEBUG_INFORMATION_FORMAT = "dwarf-with-dsym";
				ENABLE_NS_ASSERTIONS = NO;
				ENABLE_STRICT_OBJC_MSGSEND = YES;
				GCC_C_LANGUAGE_STANDARD = gnu11;
				GCC_NO_COMMON_BLOCKS = YES;
				GCC_WARN_64_TO_32_BIT_CONVERSION = YES;
				GCC_WARN_ABOUT_RETURN_TYPE = YES_ERROR;
				GCC_WARN_UNDECLARED_SELECTOR = YES;
				GCC_WARN_UNINITIALIZED_AUTOS = YES_AGGRESSIVE;
				GCC_WARN_UNUSED_FUNCTION = YES;
				GCC_WARN_UNUSED_VARIABLE = YES;
				IPHONEOS_DEPLOYMENT_TARGET = 11.0;
				MTL_ENABLE_DEBUG_INFO = NO;
				SDKROOT = iphoneos;
				SWIFT_OPTIMIZATION_LEVEL = "-Owholemodule";
				VALIDATE_PRODUCT = YES;
			};
			name = Release;
		};
		D83AF1EF1FA8A0DA00D00EC2 /* Debug */ = {
			isa = XCBuildConfiguration;
			buildSettings = {
				ASSETCATALOG_COMPILER_APPICON_NAME = AppIcon;
				CODE_SIGN_STYLE = Automatic;
				INFOPLIST_FILE = SIMCodeAlertSwift/Info.plist;
				LD_RUNPATH_SEARCH_PATHS = "$(inherited) @executable_path/Frameworks";
				PRODUCT_BUNDLE_IDENTIFIER = mcej.SIMCodeAlertSwift;
				PRODUCT_NAME = "$(TARGET_NAME)";
				SWIFT_VERSION = 4.0;
				TARGETED_DEVICE_FAMILY = "1,2";
			};
			name = Debug;
		};
		D83AF1F01FA8A0DA00D00EC2 /* Release */ = {
			isa = XCBuildConfiguration;
			buildSettings = {
				ASSETCATALOG_COMPILER_APPICON_NAME = AppIcon;
				CODE_SIGN_STYLE = Automatic;
				INFOPLIST_FILE = SIMCodeAlertSwift/Info.plist;
				LD_RUNPATH_SEARCH_PATHS = "$(inherited) @executable_path/Frameworks";
				PRODUCT_BUNDLE_IDENTIFIER = mcej.SIMCodeAlertSwift;
				PRODUCT_NAME = "$(TARGET_NAME)";
				SWIFT_VERSION = 4.0;
				TARGETED_DEVICE_FAMILY = "1,2";
			};
			name = Release;
		};
		D83AF1F21FA8A0DA00D00EC2 /* Debug */ = {
			isa = XCBuildConfiguration;
			buildSettings = {
				ALWAYS_EMBED_SWIFT_STANDARD_LIBRARIES = YES;
				BUNDLE_LOADER = "$(TEST_HOST)";
				CODE_SIGN_STYLE = Automatic;
				INFOPLIST_FILE = SIMCodeAlertSwiftTests/Info.plist;
				LD_RUNPATH_SEARCH_PATHS = "$(inherited) @executable_path/Frameworks @loader_path/Frameworks";
				PRODUCT_BUNDLE_IDENTIFIER = mcej.SIMCodeAlertSwiftTests;
				PRODUCT_NAME = "$(TARGET_NAME)";
				SWIFT_VERSION = 4.0;
				TARGETED_DEVICE_FAMILY = "1,2";
				TEST_HOST = "$(BUILT_PRODUCTS_DIR)/SIMCodeAlertSwift.app/SIMCodeAlertSwift";
			};
			name = Debug;
		};
		D83AF1F31FA8A0DA00D00EC2 /* Release */ = {
			isa = XCBuildConfiguration;
			buildSettings = {
				ALWAYS_EMBED_SWIFT_STANDARD_LIBRARIES = YES;
				BUNDLE_LOADER = "$(TEST_HOST)";
				CODE_SIGN_STYLE = Automatic;
				INFOPLIST_FILE = SIMCodeAlertSwiftTests/Info.plist;
				LD_RUNPATH_SEARCH_PATHS = "$(inherited) @executable_path/Frameworks @loader_path/Frameworks";
				PRODUCT_BUNDLE_IDENTIFIER = mcej.SIMCodeAlertSwiftTests;
				PRODUCT_NAME = "$(TARGET_NAME)";
				SWIFT_VERSION = 4.0;
				TARGETED_DEVICE_FAMILY = "1,2";
				TEST_HOST = "$(BUILT_PRODUCTS_DIR)/SIMCodeAlertSwift.app/SIMCodeAlertSwift";
			};
			name = Release;
		};
		D83AF1F51FA8A0DA00D00EC2 /* Debug */ = {
			isa = XCBuildConfiguration;
			buildSettings = {
				ALWAYS_EMBED_SWIFT_STANDARD_LIBRARIES = YES;
				CODE_SIGN_STYLE = Automatic;
				INFOPLIST_FILE = SIMCodeAlertSwiftUITests/Info.plist;
				LD_RUNPATH_SEARCH_PATHS = "$(inherited) @executable_path/Frameworks @loader_path/Frameworks";
				PRODUCT_BUNDLE_IDENTIFIER = mcej.SIMCodeAlertSwiftUITests;
				PRODUCT_NAME = "$(TARGET_NAME)";
				SWIFT_VERSION = 4.0;
				TARGETED_DEVICE_FAMILY = "1,2";
				TEST_TARGET_NAME = SIMCodeAlertSwift;
			};
			name = Debug;
		};
		D83AF1F61FA8A0DA00D00EC2 /* Release */ = {
			isa = XCBuildConfiguration;
			buildSettings = {
				ALWAYS_EMBED_SWIFT_STANDARD_LIBRARIES = YES;
				CODE_SIGN_STYLE = Automatic;
				INFOPLIST_FILE = SIMCodeAlertSwiftUITests/Info.plist;
				LD_RUNPATH_SEARCH_PATHS = "$(inherited) @executable_path/Frameworks @loader_path/Frameworks";
				PRODUCT_BUNDLE_IDENTIFIER = mcej.SIMCodeAlertSwiftUITests;
				PRODUCT_NAME = "$(TARGET_NAME)";
				SWIFT_VERSION = 4.0;
				TARGETED_DEVICE_FAMILY = "1,2";
				TEST_TARGET_NAME = SIMCodeAlertSwift;
			};
			name = Release;
		};
/* End XCBuildConfiguration section */

/* Begin XCConfigurationList section */
		D83AF1C11FA8A0DA00D00EC2 /* Build configuration list for PBXProject "SIMCodeAlertSwift" */ = {
			isa = XCConfigurationList;
			buildConfigurations = (
				D83AF1EC1FA8A0DA00D00EC2 /* Debug */,
				D83AF1ED1FA8A0DA00D00EC2 /* Release */,
			);
			defaultConfigurationIsVisible = 0;
			defaultConfigurationName = Release;
		};
		D83AF1EE1FA8A0DA00D00EC2 /* Build configuration list for PBXNativeTarget "SIMCodeAlertSwift" */ = {
			isa = XCConfigurationList;
			buildConfigurations = (
				D83AF1EF1FA8A0DA00D00EC2 /* Debug */,
				D83AF1F01FA8A0DA00D00EC2 /* Release */,
			);
			defaultConfigurationIsVisible = 0;
			defaultConfigurationName = Release;
		};
		D83AF1F11FA8A0DA00D00EC2 /* Build configuration list for PBXNativeTarget "SIMCodeAlertSwiftTests" */ = {
			isa = XCConfigurationList;
			buildConfigurations = (
				D83AF1F21FA8A0DA00D00EC2 /* Debug */,
				D83AF1F31FA8A0DA00D00EC2 /* Release */,
			);
			defaultConfigurationIsVisible = 0;
			defaultConfigurationName = Release;
		};
		D83AF1F41FA8A0DA00D00EC2 /* Build configuration list for PBXNativeTarget "SIMCodeAlertSwiftUITests" */ = {
			isa = XCConfigurationList;
			buildConfigurations = (
				D83AF1F51FA8A0DA00D00EC2 /* Debug */,
				D83AF1F61FA8A0DA00D00EC2 /* Release */,
			);
			defaultConfigurationIsVisible = 0;
			defaultConfigurationName = Release;
		};
/* End XCConfigurationList section */
	};
	rootObject = D83AF1BE1FA8A0DA00D00EC2 /* Project object */;
}
